{
    "_meta": {
        "hash": {
            "sha256": "d6b70683676e460ce85aca3d922f186d5396e081659409c866f28052ab5ea6cc"
        },
        "pipfile-spec": 6,
        "requires": {
            "python_version": "3.10"
        },
        "sources": [
            {
                "name": "pypi",
                "url": "https://pypi.org/simple",
                "verify_ssl": true
            }
        ]
    },
    "default": {
        "anyio": {
            "hashes": [
                "sha256:25ea0d673ae30af41a0c442f81cf3b38c7e79fdc7b60335a4c14e05eb0947421",
                "sha256:fbbe32bd270d2a2ef3ed1c5d45041250284e31fc0a4df4a5a6071842051a51e3"
            ],
            "markers": "python_full_version >= '3.6.2'",
            "version": "==3.6.2"
        },
        "asgiref": {
            "hashes": [
                "sha256:1d2880b792ae8757289136f1db2b7b99100ce959b2aa57fd69dab783d05afac4",
                "sha256:4a29362a6acebe09bf1d6640db38c1dc3d9217c68e6f9f6204d72667fc19a424"
            ],
            "markers": "python_version >= '3.7'",
            "version": "==3.5.2"
        },
        "certifi": {
            "hashes": [
                "sha256:0d9c601124e5a6ba9712dbc60d9c53c21e34f5f641fe83002317394311bdce14",
                "sha256:90c1a32f1d68f940488354e36370f6cca89f0f106db09518524c88d6ed83f382"
            ],
            "markers": "python_version >= '3.6'",
            "version": "==2022.9.24"
        },
        "channels": {
            "hashes": [
                "sha256:0ce53507a7da7b148eaa454526e0e05f7da5e5d1c23440e4886cf146981d8420",
                "sha256:2253334ac76f67cba68c2072273f7e0e67dbdac77eeb7e318f511d2f9a53c5e4"
            ],
            "index": "pypi",
            "version": "==4.0.0"
        },
        "click": {
            "hashes": [
                "sha256:7682dc8afb30297001674575ea00d1814d808d6a36af415a82bd481d37ba7b8e",
                "sha256:bb4d8133cb15a609f44e8213d9b391b0809795062913b383c62be0ee95b1db48"
            ],
            "markers": "python_version >= '3.7'",
            "version": "==8.1.3"
        },
        "cm-decor": {
            "editable": true,
            "path": "/home/pwtail/sof/ct_decor"
        },
        "django": {
            "file": "https://github.com/apollo13/django/archive/psycopg3.zip",
            "hashes": [
                "sha256:33845fa001a53228025ca4c30fec1703e76f7ae08f13a880a2602b47799e85a2"
            ],
            "version": "==4.2"
        },
        "greenhack": {
            "hashes": [
                "sha256:0d2686da9eeb6972d86b36dd79e28c8461c1ca0d715c9ff44f31b318774f484b"
            ],
            "version": "==0.1.4"
        },
        "greenlet": {
            "hashes": [
                "sha256:00ebdaf0fa51c284fd2172837d751731a15971e0c20d1a9163cfbdf620ce8b49",
                "sha256:029ca674b3a7e8427db8f5c65d5ed4e24a7417af2a415a5958598aefd71980c4",
                "sha256:02bdb1e373b275bd705c43b249426e776c4f8a8ff2afaf8ec5ea0dde487d8a14",
                "sha256:08dc04f49ed1ea5e6772bb5e8cf2a77d1b1744566f4eca471a55b35af1278b31",
                "sha256:08f44e938d142271b954405afb6570e0be48a9f556b6bf4d42d2e3ae6a251fad",
                "sha256:0a5c03e2a68ec2ff1cba74ceaed899ec8cd353285f4f985c30c8cfbef9d3a3be",
                "sha256:0fee3240093b745efc857392f09379514ad84db4ca324514594bbdf6380016c8",
                "sha256:118e708dd7bc88beaeeaa5a8601a7743b8835b7bbaf7c8f23ffa78f8bc8faf28",
                "sha256:13d492a807a5c7334b5931e9b6d9b181991ccc6a40555a7b177f189feff59b4b",
                "sha256:1cac9e9895aeff26434325404558783ee54f4ff3aec8daa56b8706796f7b01a0",
                "sha256:2146d15429b4eeb412428737594acb5660a5bc0fdd1488d8a2a74a5ee32391fa",
                "sha256:21ee1ae26d072b195edea764218623f6c15eba4ae06816908f33c82e0af018d3",
                "sha256:22eca421e3f2f3c18f4f54c0ff525aa9d397c6f116fce9ebd37b420174dbc027",
                "sha256:2bab49783858cf724fff6868395cbeb81d1188cba23616b53e79de0beda29f42",
                "sha256:2fbdec204ca40b3d0c0992a19c1ba627441c17983ac4ffc45baec7f5f53e20ca",
                "sha256:30ce47525f9a1515566429ac7de6b1ae76d32c3ccede256e3517a1a6419cf659",
                "sha256:335dcf676d5e4122e4006c16ae11eda2467af5461b949c265ce120b6b959ffe2",
                "sha256:3407b843b05da71fef0f1dd666059c08ad0e0f4afc3b9c93c998a2e53fac95e5",
                "sha256:35827f98fd0d768862b8f15777e6dbb03fe6ac6e7bd1bee3f3ded4536f350347",
                "sha256:3a22e5988f9d66b3e9ae9583bf9d8ef792b09f23afeb78707e6a4f47ab57cc5e",
                "sha256:3c3327da2bdab61078e42e695307465c425671a5a9251e6c29ee130d51943f28",
                "sha256:3ca723dfc2789c1fb991809822811896b198ecf0909dbccea4a07170d18c3e1b",
                "sha256:46156ae88ee71c37b6c4f7af63fff5d3ab8f45ef72e1a660bcf6386c1647f106",
                "sha256:4bbe2d074292e3646704371eb640ee52c386d633ed72ff223dadcd3fe8ecd8f9",
                "sha256:4c4310f0e42154995d92810f27b44ab7116a4a696feb0ff141ae2de59196efd7",
                "sha256:4cfa629de5b2dea27c81b334c4536463e9a49ac0877e2008a276d58d4c72868a",
                "sha256:4e144ab0de56b4d2a2cf0d2fb9d568b59fce49aab3e129badf17c12b0252047d",
                "sha256:4ea67f303cec384b148774667c7e3cf02311e7026fc02bdcdcd206dfe4ea4fc9",
                "sha256:538c9e8f65a32413ace426f8117ef019021adf8175f7c491fed65f5fe2083e0c",
                "sha256:56565ac9ab4ff3dd473bfe959e0bf2a5062aabb89b7c94cabb417beb162c9fff",
                "sha256:5e22485256bb1c60bbcc6f8509b1a11042358a2462d5ecdb9a82dc472d2fdd60",
                "sha256:602a69c24f1a9755dd1760b3b31bdfc495c4613260c876a01b7e6d5eb9bcae1b",
                "sha256:6393ec3cecda53b20241e88bc33d87cbd8126cc10870fc69fa16ca2e20a5ac1b",
                "sha256:6442bbfb047dc1e47658954b72e1589f2bc4e12e67d51bbad0059a626180daa1",
                "sha256:666d2a0b269a68cd4fe0976544ab97970c5334d35d0e47ae9be1723f734d8204",
                "sha256:697cfbfc19815c40213badcfe5f076418e0f9100cd25a66f513f32c1026b8bf4",
                "sha256:6a1a6745c5dce202aa3f29a1736c53cf2179e9c3b280dc62cea9cb8c69977c83",
                "sha256:6fc73fc8dd81d9efa842a55033b6b4cb233b134a0270e127c6874d053ef2049b",
                "sha256:7e9e0d4c5c618b0442396715ffe6c2f84a60d593dad7e0184388aed36d568a65",
                "sha256:81fdcf7c0c2df46a99ca421a552c4370117851c5e4dbd6cb53d569b896d62322",
                "sha256:8b26932be686f3582df039d79fe96f7ca13d63b39468162f816f9ff29584b9a4",
                "sha256:8b7e5191b974fb66fcbac1818ba494d3512da9cf6eaef7acd952f9862eaaa20c",
                "sha256:8c80e9c41a83d8c90399af8c7dcdeae0c03c48b40b9d0ab84457533d5d7882bf",
                "sha256:9f2f110b9cc325f6543e0e3f4ab8008c272a59052f9464047c29d4be4511ce05",
                "sha256:a339e510a079dc8372e39ce1c7629414db51966235c9670c58d529def79243a2",
                "sha256:ad9abc3e4d2370cecb524421cc5c8a664006aa11d5c1cb3c9250e3bf65ab546e",
                "sha256:b043782c8f6cccc8fae3a16db397eca1d36a41b0706cbf6f514aea1e1a260bab",
                "sha256:b31de27313abbb567c528ed123380fcf18a5dfd03134570dfd12227e21ac1184",
                "sha256:b75e5644cc353328cd57ec8dafaaf5f81b2c3ecf7c4b278b907e99ad53ba7839",
                "sha256:b8cfc8fc944bd7b704691bc28225a2635e377e92dc413459845868d3f7724982",
                "sha256:c2055c52260808d87622293b57df1c68aeb12ddd8a0cfc0223fb57a5f629e202",
                "sha256:c416106b3b8e905b6ab0e84ec90047a6401021aa023f9aa93978e57cd8f8189f",
                "sha256:d0e210e17a6181a3fd3f8dce957043a4e74177ffa9f295514984b2b633940dce",
                "sha256:d9453135e48cd631e3e9f06d9da9100d17c9f662e4a6d8b552c29be6c834a6b9",
                "sha256:dd0198006278291d9469309d655093df1f5e5107c0261e242b5f390baee32199",
                "sha256:e1781bda1e787d3ad33788cc3be47f6e47a9581676d02670c15ee36c9460adfe",
                "sha256:e56a5a9f303e3ac011ba445a6d84f05d08666bf8db094afafcec5228622c30f5",
                "sha256:e93ae35f0fd3caf75e58c76a1cab71e6ece169aaa1b281782ef9efde0a6b83f2",
                "sha256:eb36b6570646227a63eda03916f1cc6f3744ee96d28f7a0a5629c59267a8055f",
                "sha256:f8c425a130e04d5404edaf6f5906e5ab12f3aa1168a1828aba6dfadac5910469"
            ],
            "markers": "python_version >= '2.7' and python_version not in '3.0, 3.1, 3.2, 3.3, 3.4'",
            "version": "==2.0.0.post0"
        },
        "h11": {
            "hashes": [
                "sha256:36a3cb8c0a032f56e2da7084577878a035d3b61d104230d4bd49c0c6b555a9c6",
                "sha256:47222cb6067e4a307d535814917cd98fd0a57b6788ce715755fa2b6c28b56042"
            ],
            "markers": "python_version >= '3.6'",
            "version": "==0.12.0"
        },
        "httpcore": {
            "hashes": [
                "sha256:1105b8b73c025f23ff7c36468e4432226cbb959176eab66864b8e31c4ee27fa6",
                "sha256:18b68ab86a3ccf3e7dc0f43598eaddcf472b602aba29f9aa6ab85fe2ada3980b"
            ],
            "markers": "python_version >= '3.7'",
            "version": "==0.15.0"
        },
        "httptools": {
            "hashes": [
                "sha256:0297822cea9f90a38df29f48e40b42ac3d48a28637368f3ec6d15eebefd182f9",
                "sha256:1af91b3650ce518d226466f30bbba5b6376dbd3ddb1b2be8b0658c6799dd450b",
                "sha256:1f90cd6fd97c9a1b7fe9215e60c3bd97336742a0857f00a4cb31547bc22560c2",
                "sha256:24bb4bb8ac3882f90aa95403a1cb48465de877e2d5298ad6ddcfdebec060787d",
                "sha256:295874861c173f9101960bba332429bb77ed4dcd8cdf5cee9922eb00e4f6bc09",
                "sha256:3625a55886257755cb15194efbf209584754e31d336e09e2ffe0685a76cb4b60",
                "sha256:3a47a34f6015dd52c9eb629c0f5a8a5193e47bf2a12d9a3194d231eaf1bc451a",
                "sha256:3cb8acf8f951363b617a8420768a9f249099b92e703c052f9a51b66342eea89b",
                "sha256:4b098e4bb1174096a93f48f6193e7d9aa7071506a5877da09a783509ca5fff42",
                "sha256:4d9ebac23d2de960726ce45f49d70eb5466725c0087a078866043dad115f850f",
                "sha256:50d4613025f15f4b11f1c54bbed4761c0020f7f921b95143ad6d58c151198142",
                "sha256:5230a99e724a1bdbbf236a1b58d6e8504b912b0552721c7c6b8570925ee0ccde",
                "sha256:54465401dbbec9a6a42cf737627fb0f014d50dc7365a6b6cd57753f151a86ff0",
                "sha256:550059885dc9c19a072ca6d6735739d879be3b5959ec218ba3e013fd2255a11b",
                "sha256:557be7fbf2bfa4a2ec65192c254e151684545ebab45eca5d50477d562c40f986",
                "sha256:5b65be160adcd9de7a7e6413a4966665756e263f0d5ddeffde277ffeee0576a5",
                "sha256:64eba6f168803a7469866a9c9b5263a7463fa8b7a25b35e547492aa7322036b6",
                "sha256:72ad589ba5e4a87e1d404cc1cb1b5780bfcb16e2aec957b88ce15fe879cc08ca",
                "sha256:7d0c1044bce274ec6711f0770fd2d5544fe392591d204c68328e60a46f88843b",
                "sha256:7e5eefc58d20e4c2da82c78d91b2906f1a947ef42bd668db05f4ab4201a99f49",
                "sha256:850fec36c48df5a790aa735417dca8ce7d4b48d59b3ebd6f83e88a8125cde324",
                "sha256:85b392aba273566c3d5596a0a490978c085b79700814fb22bfd537d381dd230c",
                "sha256:8c2a56b6aad7cc8f5551d8e04ff5a319d203f9d870398b94702300de50190f63",
                "sha256:8f470c79061599a126d74385623ff4744c4e0f4a0997a353a44923c0b561ee51",
                "sha256:8ffce9d81c825ac1deaa13bc9694c0562e2840a48ba21cfc9f3b4c922c16f372",
                "sha256:9423a2de923820c7e82e18980b937893f4aa8251c43684fa1772e341f6e06887",
                "sha256:9b571b281a19762adb3f48a7731f6842f920fa71108aff9be49888320ac3e24d",
                "sha256:a04fe458a4597aa559b79c7f48fe3dceabef0f69f562daf5c5e926b153817281",
                "sha256:aa47ffcf70ba6f7848349b8a6f9b481ee0f7637931d91a9860a1838bfc586901",
                "sha256:bede7ee075e54b9a5bde695b4fc8f569f30185891796b2e4e09e2226801d09bd",
                "sha256:c1d2357f791b12d86faced7b5736dea9ef4f5ecdc6c3f253e445ee82da579449",
                "sha256:c6eeefd4435055a8ebb6c5cc36111b8591c192c56a95b45fe2af22d9881eee25",
                "sha256:ca1b7becf7d9d3ccdbb2f038f665c0f4857e08e1d8481cbcc1a86a0afcfb62b2",
                "sha256:e67d4f8734f8054d2c4858570cc4b233bf753f56e85217de4dfb2495904cf02e",
                "sha256:e8a34e4c0ab7b1ca17b8763613783e2458e77938092c18ac919420ab8655c8c1",
                "sha256:e90491a4d77d0cb82e0e7a9cb35d86284c677402e4ce7ba6b448ccc7325c5421",
                "sha256:ef1616b3ba965cd68e6f759eeb5d34fbf596a79e84215eeceebf34ba3f61fdc7",
                "sha256:f222e1e9d3f13b68ff8a835574eda02e67277d51631d69d7cf7f8e07df678c86",
                "sha256:f5e3088f4ed33947e16fd865b8200f9cfae1144f41b64a8cf19b599508e096bc",
                "sha256:f659d7a48401158c59933904040085c200b4be631cb5f23a7d561fbae593ec1f",
                "sha256:fe9c766a0c35b7e3d6b6939393c8dfdd5da3ac5dec7f971ec9134f284c6c36d6"
            ],
            "version": "==0.5.0"
        },
        "httpx": {
            "hashes": [
                "sha256:42974f577483e1e932c3cdc3cd2303e883cbfba17fe228b0f63589764d7b9c4b",
                "sha256:f28eac771ec9eb4866d3fb4ab65abd42d38c424739e80c08d8d20570de60b0ef"
            ],
            "index": "pypi",
            "version": "==0.23.0"
        },
        "idna": {
            "hashes": [
                "sha256:814f528e8dead7d329833b91c5faa87d60bf71824cd12a7530b5526063d02cb4",
                "sha256:90b77e79eaa3eba6de819a0c442c0b4ceefc341a7a2ab77d7562bf49f425c5c2"
            ],
            "markers": "python_version >= '3.5'",
            "version": "==3.4"
        },
        "pgbackend": {
            "editable": true,
            "path": "."
        },
        "psycopg": {
            "extras": [
                "pool"
            ],
            "hashes": [
                "sha256:6874dbaba583cc6663437604bf45f7c244b5fd702f88af6211cd5a74e8ee3a8a",
                "sha256:aba61f12b11936cb25ec7bdf2d222d1ec36e4541ddc41f774ca763e0c50dd06f"
            ],
            "markers": "python_version >= '3.7'",
            "version": "==3.1.4"
        },
        "psycopg-pool": {
            "hashes": [
                "sha256:ca12cc083f4166eea746679a6e2ab89307765968d3ad416e0616f887db0360fd",
                "sha256:fbbb61442f1c59dd53b606b489683c83ca64b3bcf64c6e47e955c8bfa59beac7"
            ],
            "version": "==3.1.4"
        },
        "python-dotenv": {
            "hashes": [
                "sha256:1684eb44636dd462b66c3ee016599815514527ad99965de77f43e0944634a7e5",
                "sha256:b77d08274639e3d34145dfa6c7008e66df0f04b7be7a75fd0d5292c191d79045"
            ],
            "version": "==0.21.0"
        },
        "pyyaml": {
            "hashes": [
                "sha256:01b45c0191e6d66c470b6cf1b9531a771a83c1c4208272ead47a3ae4f2f603bf",
                "sha256:0283c35a6a9fbf047493e3a0ce8d79ef5030852c51e9d911a27badfde0605293",
                "sha256:055d937d65826939cb044fc8c9b08889e8c743fdc6a32b33e2390f66013e449b",
                "sha256:07751360502caac1c067a8132d150cf3d61339af5691fe9e87803040dbc5db57",
                "sha256:0b4624f379dab24d3725ffde76559cff63d9ec94e1736b556dacdfebe5ab6d4b",
                "sha256:0ce82d761c532fe4ec3f87fc45688bdd3a4c1dc5e0b4a19814b9009a29baefd4",
                "sha256:1e4747bc279b4f613a09eb64bba2ba602d8a6664c6ce6396a4d0cd413a50ce07",
                "sha256:213c60cd50106436cc818accf5baa1aba61c0189ff610f64f4a3e8c6726218ba",
                "sha256:231710d57adfd809ef5d34183b8ed1eeae3f76459c18fb4a0b373ad56bedcdd9",
                "sha256:277a0ef2981ca40581a47093e9e2d13b3f1fbbeffae064c1d21bfceba2030287",
                "sha256:2cd5df3de48857ed0544b34e2d40e9fac445930039f3cfe4bcc592a1f836d513",
                "sha256:40527857252b61eacd1d9af500c3337ba8deb8fc298940291486c465c8b46ec0",
                "sha256:432557aa2c09802be39460360ddffd48156e30721f5e8d917f01d31694216782",
                "sha256:473f9edb243cb1935ab5a084eb238d842fb8f404ed2193a915d1784b5a6b5fc0",
                "sha256:48c346915c114f5fdb3ead70312bd042a953a8ce5c7106d5bfb1a5254e47da92",
                "sha256:50602afada6d6cbfad699b0c7bb50d5ccffa7e46a3d738092afddc1f9758427f",
                "sha256:68fb519c14306fec9720a2a5b45bc9f0c8d1b9c72adf45c37baedfcd949c35a2",
                "sha256:77f396e6ef4c73fdc33a9157446466f1cff553d979bd00ecb64385760c6babdc",
                "sha256:81957921f441d50af23654aa6c5e5eaf9b06aba7f0a19c18a538dc7ef291c5a1",
                "sha256:819b3830a1543db06c4d4b865e70ded25be52a2e0631ccd2f6a47a2822f2fd7c",
                "sha256:897b80890765f037df3403d22bab41627ca8811ae55e9a722fd0392850ec4d86",
                "sha256:98c4d36e99714e55cfbaaee6dd5badbc9a1ec339ebfc3b1f52e293aee6bb71a4",
                "sha256:9df7ed3b3d2e0ecfe09e14741b857df43adb5a3ddadc919a2d94fbdf78fea53c",
                "sha256:9fa600030013c4de8165339db93d182b9431076eb98eb40ee068700c9c813e34",
                "sha256:a80a78046a72361de73f8f395f1f1e49f956c6be882eed58505a15f3e430962b",
                "sha256:afa17f5bc4d1b10afd4466fd3a44dc0e245382deca5b3c353d8b757f9e3ecb8d",
                "sha256:b3d267842bf12586ba6c734f89d1f5b871df0273157918b0ccefa29deb05c21c",
                "sha256:b5b9eccad747aabaaffbc6064800670f0c297e52c12754eb1d976c57e4f74dcb",
                "sha256:bfaef573a63ba8923503d27530362590ff4f576c626d86a9fed95822a8255fd7",
                "sha256:c5687b8d43cf58545ade1fe3e055f70eac7a5a1a0bf42824308d868289a95737",
                "sha256:cba8c411ef271aa037d7357a2bc8f9ee8b58b9965831d9e51baf703280dc73d3",
                "sha256:d15a181d1ecd0d4270dc32edb46f7cb7733c7c508857278d3d378d14d606db2d",
                "sha256:d4b0ba9512519522b118090257be113b9468d804b19d63c71dbcf4a48fa32358",
                "sha256:d4db7c7aef085872ef65a8fd7d6d09a14ae91f691dec3e87ee5ee0539d516f53",
                "sha256:d4eccecf9adf6fbcc6861a38015c2a64f38b9d94838ac1810a9023a0609e1b78",
                "sha256:d67d839ede4ed1b28a4e8909735fc992a923cdb84e618544973d7dfc71540803",
                "sha256:daf496c58a8c52083df09b80c860005194014c3698698d1a57cbcfa182142a3a",
                "sha256:dbad0e9d368bb989f4515da330b88a057617d16b6a8245084f1b05400f24609f",
                "sha256:e61ceaab6f49fb8bdfaa0f92c4b57bcfbea54c09277b1b4f7ac376bfb7a7c174",
                "sha256:f84fbc98b019fef2ee9a1cb3ce93e3187a6df0b2538a651bfb890254ba9f90b5"
            ],
            "version": "==6.0"
        },
        "rfc3986": {
            "extras": [
                "idna2008"
            ],
            "hashes": [
                "sha256:270aaf10d87d0d4e095063c65bf3ddbc6ee3d0b226328ce21e036f946e421835",
                "sha256:a86d6e1f5b1dc238b218b012df0aa79409667bb209e58da56d0b94704e712a97"
            ],
            "version": "==1.5.0"
        },
        "sniffio": {
            "hashes": [
                "sha256:e60305c5e5d314f5389259b7f22aaa33d8f7dee49763119234af3755c55b9101",
                "sha256:eecefdce1e5bbfb7ad2eeaabf7c1eeb404d7757c379bd1f7e5cce9d8bf425384"
            ],
            "markers": "python_version >= '3.7'",
            "version": "==1.3.0"
        },
        "sqlparse": {
            "hashes": [
                "sha256:0323c0ec29cd52bceabc1b4d9d579e311f3e4961b98d174201d5622a23b85e34",
                "sha256:69ca804846bb114d2ec380e4360a8a340db83f0ccf3afceeb1404df028f57268"
            ],
            "markers": "python_version >= '3.5'",
            "version": "==0.4.3"
        },
        "typing-extensions": {
            "hashes": [
                "sha256:1511434bb92bf8dd198c12b1cc812e800d4181cfcb867674e0f8279cc93087aa",
                "sha256:16fa4864408f655d35ec496218b85f79b3437c829e93320c7c9215ccfd92489e"
            ],
            "markers": "python_version < '3.11'",
            "version": "==4.4.0"
        },
        "uvicorn": {
            "extras": [
                "standard"
            ],
            "hashes": [
                "sha256:cc277f7e73435748e69e075a721841f7c4a95dba06d12a72fe9874acced16f6f",
                "sha256:cf538f3018536edb1f4a826311137ab4944ed741d52aeb98846f52215de57f25"
            ],
            "index": "pypi",
            "version": "==0.19.0"
        },
        "uvloop": {
            "hashes": [
                "sha256:0949caf774b9fcefc7c5756bacbbbd3fc4c05a6b7eebc7c7ad6f825b23998d6d",
                "sha256:0ddf6baf9cf11a1a22c71487f39f15b2cf78eb5bde7e5b45fbb99e8a9d91b9e1",
                "sha256:1436c8673c1563422213ac6907789ecb2b070f5939b9cbff9ef7113f2b531595",
                "sha256:23609ca361a7fc587031429fa25ad2ed7242941adec948f9d10c045bfecab06b",
                "sha256:2a6149e1defac0faf505406259561bc14b034cdf1d4711a3ddcdfbaa8d825a05",
                "sha256:2deae0b0fb00a6af41fe60a675cec079615b01d68beb4cc7b722424406b126a8",
                "sha256:307958f9fc5c8bb01fad752d1345168c0abc5d62c1b72a4a8c6c06f042b45b20",
                "sha256:30babd84706115626ea78ea5dbc7dd8d0d01a2e9f9b306d24ca4ed5796c66ded",
                "sha256:3378eb62c63bf336ae2070599e49089005771cc651c8769aaad72d1bd9385a7c",
                "sha256:3d97672dc709fa4447ab83276f344a165075fd9f366a97b712bdd3fee05efae8",
                "sha256:3db8de10ed684995a7f34a001f15b374c230f7655ae840964d51496e2f8a8474",
                "sha256:3ebeeec6a6641d0adb2ea71dcfb76017602ee2bfd8213e3fcc18d8f699c5104f",
                "sha256:45cea33b208971e87a31c17622e4b440cac231766ec11e5d22c76fab3bf9df62",
                "sha256:6708f30db9117f115eadc4f125c2a10c1a50d711461699a0cbfaa45b9a78e376",
                "sha256:68532f4349fd3900b839f588972b3392ee56042e440dd5873dfbbcd2cc67617c",
                "sha256:6aafa5a78b9e62493539456f8b646f85abc7093dd997f4976bb105537cf2635e",
                "sha256:7d37dccc7ae63e61f7b96ee2e19c40f153ba6ce730d8ba4d3b4e9738c1dccc1b",
                "sha256:864e1197139d651a76c81757db5eb199db8866e13acb0dfe96e6fc5d1cf45fc4",
                "sha256:8887d675a64cfc59f4ecd34382e5b4f0ef4ae1da37ed665adba0c2badf0d6578",
                "sha256:8efcadc5a0003d3a6e887ccc1fb44dec25594f117a94e3127954c05cf144d811",
                "sha256:9b09e0f0ac29eee0451d71798878eae5a4e6a91aa275e114037b27f7db72702d",
                "sha256:a4aee22ece20958888eedbad20e4dbb03c37533e010fb824161b4f05e641f738",
                "sha256:a5abddb3558d3f0a78949c750644a67be31e47936042d4f6c888dd6f3c95f4aa",
                "sha256:c092a2c1e736086d59ac8e41f9c98f26bbf9b9222a76f21af9dfe949b99b2eb9",
                "sha256:c686a47d57ca910a2572fddfe9912819880b8765e2f01dc0dd12a9bf8573e539",
                "sha256:cbbe908fda687e39afd6ea2a2f14c2c3e43f2ca88e3a11964b297822358d0e6c",
                "sha256:ce9f61938d7155f79d3cb2ffa663147d4a76d16e08f65e2c66b77bd41b356718",
                "sha256:dbbaf9da2ee98ee2531e0c780455f2841e4675ff580ecf93fe5c48fe733b5667",
                "sha256:f1e507c9ee39c61bfddd79714e4f85900656db1aec4d40c6de55648e85c2799c",
                "sha256:ff3d00b70ce95adce264462c930fbaecb29718ba6563db354608f37e49e09024"
            ],
            "version": "==0.17.0"
        },
        "watchfiles": {
            "hashes": [
                "sha256:1686bc4ac40ffde7256b6543b0f9a2cc8b531ae45243786f1d3f1dda2fe39e24",
                "sha256:184799818c4fa7dbc6a1e4ca20bcbc6b85e4e0db07ce4554ea2f29b75ccd0cdc",
                "sha256:27d64a6ed5e0aebef97c70fa3899a6958d4f7f049effc659e7dc3e81f3170a7b",
                "sha256:320bcde0adaa972403ed3b70f784409437325a1a4df2de54ba0672203d8847e5",
                "sha256:39b932b044fef6c43e813e0bef908e0edf185bf7b5d8d53246651cb7ac9efe79",
                "sha256:4ba6d8c2f957cae3e888bc250bc60ed09fe869b3f55f09d020ed3fecbefb6a4c",
                "sha256:4bbc8bfa0f3871b1867af42837a5635a9c1cbb2b68d039754b4750642c34aaee",
                "sha256:76a4c4a8e25a2c9a4f7fa3d373bbaf5558c17b97b4cf8411d33de368fe6b68a9",
                "sha256:78b1e7c29b92dfc8fc32f15949019232b493767d236c2bff31848df13fdb9e8a",
                "sha256:7f39fcdac5d5b9815a0c2ab9005d39854296b11fa15386a9a69c09cbbc5dde2c",
                "sha256:8eddc2d19bf6f49aee224072ec0f4f3258125a49f11b5dcff1448e68718a745e",
                "sha256:9d3a12e4de5446fb6e286b720d0cb3a080811caf0ef43e556c2db5fe10ef0342",
                "sha256:9e611a90482ac14ef3ec234c1604ed921d1b0c68970eba82f1cf0d59a3e4eb76",
                "sha256:bbe10d134eef1666451382015e48f092c941a6d4562a98ffa1a288f79a897c46",
                "sha256:be87c9b1fe2b02105a9ac6d9df7500a110652bbd97cf46b13964eeaef9a6c89c",
                "sha256:cfdbfc4b6797c28dd1a8524581fed00ca333971b4111af8cd42fb7a92dcdc227",
                "sha256:d5d799614d4c56d29c5ba56f4f619f967210dc10a0d6965b62d326b9e2f72c9e",
                "sha256:fd4215badad1e3d1ad5fb79f21432dd5157e2e7b0765d27a19dc2a28580c6979"
            ],
            "version": "==0.18.0"
        },
        "websockets": {
            "hashes": [
                "sha256:00213676a2e46b6ebf6045bc11d0f529d9120baa6f58d122b4021ad92adabd41",
                "sha256:00c870522cdb69cd625b93f002961ffb0c095394f06ba8c48f17eef7c1541f96",
                "sha256:0154f7691e4fe6c2b2bc275b5701e8b158dae92a1ab229e2b940efe11905dff4",
                "sha256:05a7233089f8bd355e8cbe127c2e8ca0b4ea55467861906b80d2ebc7db4d6b72",
                "sha256:09a1814bb15eff7069e51fed0826df0bc0702652b5cb8f87697d469d79c23576",
                "sha256:0cff816f51fb33c26d6e2b16b5c7d48eaa31dae5488ace6aae468b361f422b63",
                "sha256:185929b4808b36a79c65b7865783b87b6841e852ef5407a2fb0c03381092fa3b",
                "sha256:2fc8709c00704194213d45e455adc106ff9e87658297f72d544220e32029cd3d",
                "sha256:33d69ca7612f0ddff3316b0c7b33ca180d464ecac2d115805c044bf0a3b0d032",
                "sha256:389f8dbb5c489e305fb113ca1b6bdcdaa130923f77485db5b189de343a179393",
                "sha256:38ea7b82bfcae927eeffc55d2ffa31665dc7fec7b8dc654506b8e5a518eb4d50",
                "sha256:3d3cac3e32b2c8414f4f87c1b2ab686fa6284a980ba283617404377cd448f631",
                "sha256:40e826de3085721dabc7cf9bfd41682dadc02286d8cf149b3ad05bff89311e4f",
                "sha256:4239b6027e3d66a89446908ff3027d2737afc1a375f8fd3eea630a4842ec9a0c",
                "sha256:45ec8e75b7dbc9539cbfafa570742fe4f676eb8b0d3694b67dabe2f2ceed8aa6",
                "sha256:47a2964021f2110116cc1125b3e6d87ab5ad16dea161949e7244ec583b905bb4",
                "sha256:48c08473563323f9c9debac781ecf66f94ad5a3680a38fe84dee5388cf5acaf6",
                "sha256:4c6d2264f485f0b53adf22697ac11e261ce84805c232ed5dbe6b1bcb84b00ff0",
                "sha256:4f72e5cd0f18f262f5da20efa9e241699e0cf3a766317a17392550c9ad7b37d8",
                "sha256:56029457f219ade1f2fc12a6504ea61e14ee227a815531f9738e41203a429112",
                "sha256:5c1289596042fad2cdceb05e1ebf7aadf9995c928e0da2b7a4e99494953b1b94",
                "sha256:62e627f6b6d4aed919a2052efc408da7a545c606268d5ab5bfab4432734b82b4",
                "sha256:74de2b894b47f1d21cbd0b37a5e2b2392ad95d17ae983e64727e18eb281fe7cb",
                "sha256:7c584f366f46ba667cfa66020344886cf47088e79c9b9d39c84ce9ea98aaa331",
                "sha256:7d27a7e34c313b3a7f91adcd05134315002aaf8540d7b4f90336beafaea6217c",
                "sha256:7d3f0b61c45c3fa9a349cf484962c559a8a1d80dae6977276df8fd1fa5e3cb8c",
                "sha256:82ff5e1cae4e855147fd57a2863376ed7454134c2bf49ec604dfe71e446e2193",
                "sha256:84bc2a7d075f32f6ed98652db3a680a17a4edb21ca7f80fe42e38753a58ee02b",
                "sha256:884be66c76a444c59f801ac13f40c76f176f1bfa815ef5b8ed44321e74f1600b",
                "sha256:8a5cc00546e0a701da4639aa0bbcb0ae2bb678c87f46da01ac2d789e1f2d2038",
                "sha256:8dc96f64ae43dde92530775e9cb169979f414dcf5cff670455d81a6823b42089",
                "sha256:8f38706e0b15d3c20ef6259fd4bc1700cd133b06c3c1bb108ffe3f8947be15fa",
                "sha256:90fcf8929836d4a0e964d799a58823547df5a5e9afa83081761630553be731f9",
                "sha256:931c039af54fc195fe6ad536fde4b0de04da9d5916e78e55405436348cfb0e56",
                "sha256:932af322458da7e4e35df32f050389e13d3d96b09d274b22a7aa1808f292fee4",
                "sha256:942de28af58f352a6f588bc72490ae0f4ccd6dfc2bd3de5945b882a078e4e179",
                "sha256:9bc42e8402dc5e9905fb8b9649f57efcb2056693b7e88faa8fb029256ba9c68c",
                "sha256:a7a240d7a74bf8d5cb3bfe6be7f21697a28ec4b1a437607bae08ac7acf5b4882",
                "sha256:a9f9a735deaf9a0cadc2d8c50d1a5bcdbae8b6e539c6e08237bc4082d7c13f28",
                "sha256:ae5e95cfb53ab1da62185e23b3130e11d64431179debac6dc3c6acf08760e9b1",
                "sha256:b029fb2032ae4724d8ae8d4f6b363f2cc39e4c7b12454df8df7f0f563ed3e61a",
                "sha256:b0d15c968ea7a65211e084f523151dbf8ae44634de03c801b8bd070b74e85033",
                "sha256:b343f521b047493dc4022dd338fc6db9d9282658862756b4f6fd0e996c1380e1",
                "sha256:b627c266f295de9dea86bd1112ed3d5fafb69a348af30a2422e16590a8ecba13",
                "sha256:b9968694c5f467bf67ef97ae7ad4d56d14be2751000c1207d31bf3bb8860bae8",
                "sha256:ba089c499e1f4155d2a3c2a05d2878a3428cf321c848f2b5a45ce55f0d7d310c",
                "sha256:bbccd847aa0c3a69b5f691a84d2341a4f8a629c6922558f2a70611305f902d74",
                "sha256:bc0b82d728fe21a0d03e65f81980abbbcb13b5387f733a1a870672c5be26edab",
                "sha256:c57e4c1349fbe0e446c9fa7b19ed2f8a4417233b6984277cce392819123142d3",
                "sha256:c94ae4faf2d09f7c81847c63843f84fe47bf6253c9d60b20f25edfd30fb12588",
                "sha256:c9b27d6c1c6cd53dc93614967e9ce00ae7f864a2d9f99fe5ed86706e1ecbf485",
                "sha256:d210abe51b5da0ffdbf7b43eed0cfdff8a55a1ab17abbec4301c9ff077dd0342",
                "sha256:d58804e996d7d2307173d56c297cf7bc132c52df27a3efaac5e8d43e36c21c48",
                "sha256:d6a4162139374a49eb18ef5b2f4da1dd95c994588f5033d64e0bbfda4b6b6fcf",
                "sha256:da39dd03d130162deb63da51f6e66ed73032ae62e74aaccc4236e30edccddbb0",
                "sha256:db3c336f9eda2532ec0fd8ea49fef7a8df8f6c804cdf4f39e5c5c0d4a4ad9a7a",
                "sha256:dd500e0a5e11969cdd3320935ca2ff1e936f2358f9c2e61f100a1660933320ea",
                "sha256:dd9becd5fe29773d140d68d607d66a38f60e31b86df75332703757ee645b6faf",
                "sha256:e0cb5cc6ece6ffa75baccfd5c02cffe776f3f5c8bf486811f9d3ea3453676ce8",
                "sha256:e23173580d740bf8822fd0379e4bf30aa1d5a92a4f252d34e893070c081050df",
                "sha256:e3a686ecb4aa0d64ae60c9c9f1a7d5d46cab9bfb5d91a2d303d00e2cd4c4c5cc",
                "sha256:e789376b52c295c4946403bd0efecf27ab98f05319df4583d3c48e43c7342c2f",
                "sha256:edc344de4dac1d89300a053ac973299e82d3db56330f3494905643bb68801269",
                "sha256:eef610b23933c54d5d921c92578ae5f89813438fded840c2e9809d378dc765d3",
                "sha256:f2c38d588887a609191d30e902df2a32711f708abfd85d318ca9b367258cfd0c",
                "sha256:f55b5905705725af31ccef50e55391621532cd64fbf0bc6f4bac935f0fccec46",
                "sha256:f5fc088b7a32f244c519a048c170f14cf2251b849ef0e20cbbb0fdf0fdaf556f",
                "sha256:fe10ddc59b304cb19a1bdf5bd0a7719cbbc9fbdd57ac80ed436b709fcf889106",
                "sha256:ff64a1d38d156d429404aaa84b27305e957fd10c30e5880d1765c9480bea490f"
            ],
            "version": "==10.4"
        }
    },
    "develop": {}
}
